
Microsoft Visual Studio Solution File, Format Version 12.00
# Visual Studio Version 17
VisualStudioVersion = 17.0.31903.59
MinimumVisualStudioVersion = 10.0.40219.1
Project("{FAE04EC0-301F-11D3-BF4B-00C04F79EFBC}") = "Auth.Domain", "src\auth\Auth.Domain\Auth.Domain.csproj", "{A1B2C3D4-E5F6-7890-ABCD-EF1234567890}"
EndProject
Project("{FAE04EC0-301F-11D3-BF4B-00C04F79EFBC}") = "Auth.Application", "src\auth\Auth.Application\Auth.Application.csproj", "{B2C3D4E5-F6A7-8901-BCDE-F12345678901}"
EndProject
Project("{FAE04EC0-301F-11D3-BF4B-00C04F79EFBC}") = "Auth.Infrastructure", "src\auth\Auth.Infrastructure\Auth.Infrastructure.csproj", "{C3D4E5F6-A7B8-9012-CDEF-123456789012}"
EndProject
Project("{FAE04EC0-301F-11D3-BF4B-00C04F79EFBC}") = "Auth.Api", "src\auth\Auth.Api\Auth.Api.csproj", "{D4E5F6A7-B8C9-0123-DEF0-234567890123}"
EndProject
Project("{FAE04EC0-301F-11D3-BF4B-00C04F79EFBC}") = "Auth.IntegrationTests", "tests\auth\Auth.IntegrationTests\Auth.IntegrationTests.csproj", "{E5F6A7B8-C9D0-1234-EF01-345678901234}"
EndProject
Project("{2150E333-8FDC-42A3-9474-1A3956D46DE8}") = "src", "src", "{827E0CD3-B72D-47B6-A68D-7590B98EB39B}"
EndProject
Project("{2150E333-8FDC-42A3-9474-1A3956D46DE8}") = "identity", "identity", "{65ABFB5D-2B10-DF64-BF12-C17976F8E5D9}"
EndProject
Project("{FAE04EC0-301F-11D3-BF4B-00C04F79EFBC}") = "Identity.Domain", "src\identity\Identity.Domain\Identity.Domain.csproj", "{6929DDC8-622A-4A09-8940-9F3ADFA7FC10}"
EndProject
Project("{FAE04EC0-301F-11D3-BF4B-00C04F79EFBC}") = "Identity.Application", "src\identity\Identity.Application\Identity.Application.csproj", "{1ACB7FF6-2B18-44D9-A2CA-7B07967D98DB}"
EndProject
Project("{FAE04EC0-301F-11D3-BF4B-00C04F79EFBC}") = "Identity.Infrastructure", "src\identity\Identity.Infrastructure\Identity.Infrastructure.csproj", "{AE245E4E-9B3F-471F-8B9B-EFEE8E0AC929}"
EndProject
Project("{FAE04EC0-301F-11D3-BF4B-00C04F79EFBC}") = "Identity.Api", "src\identity\Identity.Api\Identity.Api.csproj", "{3AA55640-4DAE-4840-A3FE-FFEE07B35BF3}"
EndProject
Project("{2150E333-8FDC-42A3-9474-1A3956D46DE8}") = "tests", "tests", "{0AB3BF05-4346-4AA6-1389-037BE0695223}"
EndProject
Project("{2150E333-8FDC-42A3-9474-1A3956D46DE8}") = "identity", "identity", "{391CE2F5-AE47-7A9A-F474-4847BE99435E}"
EndProject
Project("{FAE04EC0-301F-11D3-BF4B-00C04F79EFBC}") = "Identity.IntegrationTests", "tests\identity\Identity.IntegrationTests\Identity.IntegrationTests.csproj", "{61F3167C-A656-481D-93D9-53C7A1A38FFF}"
EndProject
Project("{2150E333-8FDC-42A3-9474-1A3956D46DE8}") = "issuer", "issuer", "{01220A4E-AE4F-4DB7-A639-03ED2F98A964}"
EndProject
Project("{FAE04EC0-301F-11D3-BF4B-00C04F79EFBC}") = "Issuer.Domain", "src\issuer\Issuer.Domain\Issuer.Domain.csproj", "{AB29A3D7-D8B5-401E-98CE-05A7EE3474A9}"
EndProject
Project("{FAE04EC0-301F-11D3-BF4B-00C04F79EFBC}") = "Issuer.Application", "src\issuer\Issuer.Application\Issuer.Application.csproj", "{6EC2944E-9B44-4CF1-8B79-D378CB98113E}"
EndProject
Project("{FAE04EC0-301F-11D3-BF4B-00C04F79EFBC}") = "Issuer.Infrastructure", "src\issuer\Issuer.Infrastructure\Issuer.Infrastructure.csproj", "{DEB86260-AD49-4877-B6F5-179821CAD828}"
EndProject
Project("{FAE04EC0-301F-11D3-BF4B-00C04F79EFBC}") = "Issuer.Api", "src\issuer\Issuer.Api\Issuer.Api.csproj", "{45C3AF42-631C-4045-9260-652DA03FBFF9}"
EndProject
Project("{2150E333-8FDC-42A3-9474-1A3956D46DE8}") = "issuer", "issuer", "{CE9AD056-94FA-6358-792C-6118A6337C06}"
EndProject
Project("{FAE04EC0-301F-11D3-BF4B-00C04F79EFBC}") = "Issuer.IntegrationTests", "tests\issuer\Issuer.IntegrationTests\Issuer.IntegrationTests.csproj", "{18D90586-FE97-4F26-9E88-FCDE9D479D60}"
EndProject
Project("{2150E333-8FDC-42A3-9474-1A3956D46DE8}") = "verifier", "verifier", "{226520DA-CD7B-0FA7-F7D1-C1DAC515A1D8}"
EndProject
Project("{FAE04EC0-301F-11D3-BF4B-00C04F79EFBC}") = "Verifier.Domain", "src\verifier\Verifier.Domain\Verifier.Domain.csproj", "{5817C394-3D42-40B3-AE2B-2CB13FD164D0}"
EndProject
Project("{FAE04EC0-301F-11D3-BF4B-00C04F79EFBC}") = "Verifier.Application", "src\verifier\Verifier.Application\Verifier.Application.csproj", "{E98D90C4-8D0F-4728-B06C-8A62965BD927}"
EndProject
Project("{FAE04EC0-301F-11D3-BF4B-00C04F79EFBC}") = "Verifier.Infrastructure", "src\verifier\Verifier.Infrastructure\Verifier.Infrastructure.csproj", "{ED87AF89-53B1-4CDB-A69F-EBC62AB7866F}"
EndProject
Project("{FAE04EC0-301F-11D3-BF4B-00C04F79EFBC}") = "Verifier.Api", "src\verifier\Verifier.Api\Verifier.Api.csproj", "{F9D2B43C-8302-477A-8561-59BDB9E1F302}"
EndProject
Project("{2150E333-8FDC-42A3-9474-1A3956D46DE8}") = "verifier", "verifier", "{DB24036D-4551-3CFA-E976-459F32AAB292}"
EndProject
Project("{FAE04EC0-301F-11D3-BF4B-00C04F79EFBC}") = "Verifier.IntegrationTests", "tests\verifier\Verifier.IntegrationTests\Verifier.IntegrationTests.csproj", "{E1F2F6A0-48AA-4F4C-A176-AC832E032EA4}"
EndProject
Project("{FAE04EC0-301F-11D3-BF4B-00C04F79EFBC}") = "Verifier.UnitTests", "tests\verifier\Verifier.UnitTests\Verifier.UnitTests.csproj", "{8D3F6573-73DE-4BDD-A682-5F362F50B498}"
EndProject
Global
	GlobalSection(SolutionConfigurationPlatforms) = preSolution
		Debug|Any CPU = Debug|Any CPU
		Debug|x64 = Debug|x64
		Debug|x86 = Debug|x86
		Release|Any CPU = Release|Any CPU
		Release|x64 = Release|x64
		Release|x86 = Release|x86
	EndGlobalSection
	GlobalSection(ProjectConfigurationPlatforms) = postSolution
		{A1B2C3D4-E5F6-7890-ABCD-EF1234567890}.Debug|Any CPU.ActiveCfg = Debug|Any CPU
		{A1B2C3D4-E5F6-7890-ABCD-EF1234567890}.Debug|Any CPU.Build.0 = Debug|Any CPU
		{A1B2C3D4-E5F6-7890-ABCD-EF1234567890}.Debug|x64.ActiveCfg = Debug|Any CPU
		{A1B2C3D4-E5F6-7890-ABCD-EF1234567890}.Debug|x64.Build.0 = Debug|Any CPU
		{A1B2C3D4-E5F6-7890-ABCD-EF1234567890}.Debug|x86.ActiveCfg = Debug|Any CPU
		{A1B2C3D4-E5F6-7890-ABCD-EF1234567890}.Debug|x86.Build.0 = Debug|Any CPU
		{A1B2C3D4-E5F6-7890-ABCD-EF1234567890}.Release|Any CPU.ActiveCfg = Release|Any CPU
		{A1B2C3D4-E5F6-7890-ABCD-EF1234567890}.Release|Any CPU.Build.0 = Release|Any CPU
		{A1B2C3D4-E5F6-7890-ABCD-EF1234567890}.Release|x64.ActiveCfg = Release|Any CPU
		{A1B2C3D4-E5F6-7890-ABCD-EF1234567890}.Release|x64.Build.0 = Release|Any CPU
		{A1B2C3D4-E5F6-7890-ABCD-EF1234567890}.Release|x86.ActiveCfg = Release|Any CPU
		{A1B2C3D4-E5F6-7890-ABCD-EF1234567890}.Release|x86.Build.0 = Release|Any CPU
		{B2C3D4E5-F6A7-8901-BCDE-F12345678901}.Debug|Any CPU.ActiveCfg = Debug|Any CPU
		{B2C3D4E5-F6A7-8901-BCDE-F12345678901}.Debug|Any CPU.Build.0 = Debug|Any CPU
		{B2C3D4E5-F6A7-8901-BCDE-F12345678901}.Debug|x64.ActiveCfg = Debug|Any CPU
		{B2C3D4E5-F6A7-8901-BCDE-F12345678901}.Debug|x64.Build.0 = Debug|Any CPU
		{B2C3D4E5-F6A7-8901-BCDE-F12345678901}.Debug|x86.ActiveCfg = Debug|Any CPU
		{B2C3D4E5-F6A7-8901-BCDE-F12345678901}.Debug|x86.Build.0 = Debug|Any CPU
		{B2C3D4E5-F6A7-8901-BCDE-F12345678901}.Release|Any CPU.ActiveCfg = Release|Any CPU
		{B2C3D4E5-F6A7-8901-BCDE-F12345678901}.Release|Any CPU.Build.0 = Release|Any CPU
		{B2C3D4E5-F6A7-8901-BCDE-F12345678901}.Release|x64.ActiveCfg = Release|Any CPU
		{B2C3D4E5-F6A7-8901-BCDE-F12345678901}.Release|x64.Build.0 = Release|Any CPU
		{B2C3D4E5-F6A7-8901-BCDE-F12345678901}.Release|x86.ActiveCfg = Release|Any CPU
		{B2C3D4E5-F6A7-8901-BCDE-F12345678901}.Release|x86.Build.0 = Release|Any CPU
		{C3D4E5F6-A7B8-9012-CDEF-123456789012}.Debug|Any CPU.ActiveCfg = Debug|Any CPU
		{C3D4E5F6-A7B8-9012-CDEF-123456789012}.Debug|Any CPU.Build.0 = Debug|Any CPU
		{C3D4E5F6-A7B8-9012-CDEF-123456789012}.Debug|x64.ActiveCfg = Debug|Any CPU
		{C3D4E5F6-A7B8-9012-CDEF-123456789012}.Debug|x64.Build.0 = Debug|Any CPU
		{C3D4E5F6-A7B8-9012-CDEF-123456789012}.Debug|x86.ActiveCfg = Debug|Any CPU
		{C3D4E5F6-A7B8-9012-CDEF-123456789012}.Debug|x86.Build.0 = Debug|Any CPU
		{C3D4E5F6-A7B8-9012-CDEF-123456789012}.Release|Any CPU.ActiveCfg = Release|Any CPU
		{C3D4E5F6-A7B8-9012-CDEF-123456789012}.Release|Any CPU.Build.0 = Release|Any CPU
		{C3D4E5F6-A7B8-9012-CDEF-123456789012}.Release|x64.ActiveCfg = Release|Any CPU
		{C3D4E5F6-A7B8-9012-CDEF-123456789012}.Release|x64.Build.0 = Release|Any CPU
		{C3D4E5F6-A7B8-9012-CDEF-123456789012}.Release|x86.ActiveCfg = Release|Any CPU
		{C3D4E5F6-A7B8-9012-CDEF-123456789012}.Release|x86.Build.0 = Release|Any CPU
		{D4E5F6A7-B8C9-0123-DEF0-234567890123}.Debug|Any CPU.ActiveCfg = Debug|Any CPU
		{D4E5F6A7-B8C9-0123-DEF0-234567890123}.Debug|Any CPU.Build.0 = Debug|Any CPU
		{D4E5F6A7-B8C9-0123-DEF0-234567890123}.Debug|x64.ActiveCfg = Debug|Any CPU
		{D4E5F6A7-B8C9-0123-DEF0-234567890123}.Debug|x64.Build.0 = Debug|Any CPU
		{D4E5F6A7-B8C9-0123-DEF0-234567890123}.Debug|x86.ActiveCfg = Debug|Any CPU
		{D4E5F6A7-B8C9-0123-DEF0-234567890123}.Debug|x86.Build.0 = Debug|Any CPU
		{D4E5F6A7-B8C9-0123-DEF0-234567890123}.Release|Any CPU.ActiveCfg = Release|Any CPU
		{D4E5F6A7-B8C9-0123-DEF0-234567890123}.Release|Any CPU.Build.0 = Release|Any CPU
		{D4E5F6A7-B8C9-0123-DEF0-234567890123}.Release|x64.ActiveCfg = Release|Any CPU
		{D4E5F6A7-B8C9-0123-DEF0-234567890123}.Release|x64.Build.0 = Release|Any CPU
		{D4E5F6A7-B8C9-0123-DEF0-234567890123}.Release|x86.ActiveCfg = Release|Any CPU
		{D4E5F6A7-B8C9-0123-DEF0-234567890123}.Release|x86.Build.0 = Release|Any CPU
		{E5F6A7B8-C9D0-1234-EF01-345678901234}.Debug|Any CPU.ActiveCfg = Debug|Any CPU
		{E5F6A7B8-C9D0-1234-EF01-345678901234}.Debug|Any CPU.Build.0 = Debug|Any CPU
		{E5F6A7B8-C9D0-1234-EF01-345678901234}.Debug|x64.ActiveCfg = Debug|Any CPU
		{E5F6A7B8-C9D0-1234-EF01-345678901234}.Debug|x64.Build.0 = Debug|Any CPU
		{E5F6A7B8-C9D0-1234-EF01-345678901234}.Debug|x86.ActiveCfg = Debug|Any CPU
		{E5F6A7B8-C9D0-1234-EF01-345678901234}.Debug|x86.Build.0 = Debug|Any CPU
		{E5F6A7B8-C9D0-1234-EF01-345678901234}.Release|Any CPU.ActiveCfg = Release|Any CPU
		{E5F6A7B8-C9D0-1234-EF01-345678901234}.Release|Any CPU.Build.0 = Release|Any CPU
		{E5F6A7B8-C9D0-1234-EF01-345678901234}.Release|x64.ActiveCfg = Release|Any CPU
		{E5F6A7B8-C9D0-1234-EF01-345678901234}.Release|x64.Build.0 = Release|Any CPU
		{E5F6A7B8-C9D0-1234-EF01-345678901234}.Release|x86.ActiveCfg = Release|Any CPU
		{E5F6A7B8-C9D0-1234-EF01-345678901234}.Release|x86.Build.0 = Release|Any CPU
		{6929DDC8-622A-4A09-8940-9F3ADFA7FC10}.Debug|Any CPU.ActiveCfg = Debug|Any CPU
		{6929DDC8-622A-4A09-8940-9F3ADFA7FC10}.Debug|Any CPU.Build.0 = Debug|Any CPU
		{6929DDC8-622A-4A09-8940-9F3ADFA7FC10}.Debug|x64.ActiveCfg = Debug|Any CPU
		{6929DDC8-622A-4A09-8940-9F3ADFA7FC10}.Debug|x64.Build.0 = Debug|Any CPU
		{6929DDC8-622A-4A09-8940-9F3ADFA7FC10}.Debug|x86.ActiveCfg = Debug|Any CPU
		{6929DDC8-622A-4A09-8940-9F3ADFA7FC10}.Debug|x86.Build.0 = Debug|Any CPU
		{6929DDC8-622A-4A09-8940-9F3ADFA7FC10}.Release|Any CPU.ActiveCfg = Release|Any CPU
		{6929DDC8-622A-4A09-8940-9F3ADFA7FC10}.Release|Any CPU.Build.0 = Release|Any CPU
		{6929DDC8-622A-4A09-8940-9F3ADFA7FC10}.Release|x64.ActiveCfg = Release|Any CPU
		{6929DDC8-622A-4A09-8940-9F3ADFA7FC10}.Release|x64.Build.0 = Release|Any CPU
		{6929DDC8-622A-4A09-8940-9F3ADFA7FC10}.Release|x86.ActiveCfg = Release|Any CPU
		{6929DDC8-622A-4A09-8940-9F3ADFA7FC10}.Release|x86.Build.0 = Release|Any CPU
		{1ACB7FF6-2B18-44D9-A2CA-7B07967D98DB}.Debug|Any CPU.ActiveCfg = Debug|Any CPU
		{1ACB7FF6-2B18-44D9-A2CA-7B07967D98DB}.Debug|Any CPU.Build.0 = Debug|Any CPU
		{1ACB7FF6-2B18-44D9-A2CA-7B07967D98DB}.Debug|x64.ActiveCfg = Debug|Any CPU
		{1ACB7FF6-2B18-44D9-A2CA-7B07967D98DB}.Debug|x64.Build.0 = Debug|Any CPU
		{1ACB7FF6-2B18-44D9-A2CA-7B07967D98DB}.Debug|x86.ActiveCfg = Debug|Any CPU
		{1ACB7FF6-2B18-44D9-A2CA-7B07967D98DB}.Debug|x86.Build.0 = Debug|Any CPU
		{1ACB7FF6-2B18-44D9-A2CA-7B07967D98DB}.Release|Any CPU.ActiveCfg = Release|Any CPU
		{1ACB7FF6-2B18-44D9-A2CA-7B07967D98DB}.Release|Any CPU.Build.0 = Release|Any CPU
		{1ACB7FF6-2B18-44D9-A2CA-7B07967D98DB}.Release|x64.ActiveCfg = Release|Any CPU
		{1ACB7FF6-2B18-44D9-A2CA-7B07967D98DB}.Release|x64.Build.0 = Release|Any CPU
		{1ACB7FF6-2B18-44D9-A2CA-7B07967D98DB}.Release|x86.ActiveCfg = Release|Any CPU
		{1ACB7FF6-2B18-44D9-A2CA-7B07967D98DB}.Release|x86.Build.0 = Release|Any CPU
		{AE245E4E-9B3F-471F-8B9B-EFEE8E0AC929}.Debug|Any CPU.ActiveCfg = Debug|Any CPU
		{AE245E4E-9B3F-471F-8B9B-EFEE8E0AC929}.Debug|Any CPU.Build.0 = Debug|Any CPU
		{AE245E4E-9B3F-471F-8B9B-EFEE8E0AC929}.Debug|x64.ActiveCfg = Debug|Any CPU
		{AE245E4E-9B3F-471F-8B9B-EFEE8E0AC929}.Debug|x64.Build.0 = Debug|Any CPU
		{AE245E4E-9B3F-471F-8B9B-EFEE8E0AC929}.Debug|x86.ActiveCfg = Debug|Any CPU
		{AE245E4E-9B3F-471F-8B9B-EFEE8E0AC929}.Debug|x86.Build.0 = Debug|Any CPU
		{AE245E4E-9B3F-471F-8B9B-EFEE8E0AC929}.Release|Any CPU.ActiveCfg = Release|Any CPU
		{AE245E4E-9B3F-471F-8B9B-EFEE8E0AC929}.Release|Any CPU.Build.0 = Release|Any CPU
		{AE245E4E-9B3F-471F-8B9B-EFEE8E0AC929}.Release|x64.ActiveCfg = Release|Any CPU
		{AE245E4E-9B3F-471F-8B9B-EFEE8E0AC929}.Release|x64.Build.0 = Release|Any CPU
		{AE245E4E-9B3F-471F-8B9B-EFEE8E0AC929}.Release|x86.ActiveCfg = Release|Any CPU
		{AE245E4E-9B3F-471F-8B9B-EFEE8E0AC929}.Release|x86.Build.0 = Release|Any CPU
		{3AA55640-4DAE-4840-A3FE-FFEE07B35BF3}.Debug|Any CPU.ActiveCfg = Debug|Any CPU
		{3AA55640-4DAE-4840-A3FE-FFEE07B35BF3}.Debug|Any CPU.Build.0 = Debug|Any CPU
		{3AA55640-4DAE-4840-A3FE-FFEE07B35BF3}.Debug|x64.ActiveCfg = Debug|Any CPU
		{3AA55640-4DAE-4840-A3FE-FFEE07B35BF3}.Debug|x64.Build.0 = Debug|Any CPU
		{3AA55640-4DAE-4840-A3FE-FFEE07B35BF3}.Debug|x86.ActiveCfg = Debug|Any CPU
		{3AA55640-4DAE-4840-A3FE-FFEE07B35BF3}.Debug|x86.Build.0 = Debug|Any CPU
		{3AA55640-4DAE-4840-A3FE-FFEE07B35BF3}.Release|Any CPU.ActiveCfg = Release|Any CPU
		{3AA55640-4DAE-4840-A3FE-FFEE07B35BF3}.Release|Any CPU.Build.0 = Release|Any CPU
		{3AA55640-4DAE-4840-A3FE-FFEE07B35BF3}.Release|x64.ActiveCfg = Release|Any CPU
		{3AA55640-4DAE-4840-A3FE-FFEE07B35BF3}.Release|x64.Build.0 = Release|Any CPU
		{3AA55640-4DAE-4840-A3FE-FFEE07B35BF3}.Release|x86.ActiveCfg = Release|Any CPU
		{3AA55640-4DAE-4840-A3FE-FFEE07B35BF3}.Release|x86.Build.0 = Release|Any CPU
		{61F3167C-A656-481D-93D9-53C7A1A38FFF}.Debug|Any CPU.ActiveCfg = Debug|Any CPU
		{61F3167C-A656-481D-93D9-53C7A1A38FFF}.Debug|Any CPU.Build.0 = Debug|Any CPU
		{61F3167C-A656-481D-93D9-53C7A1A38FFF}.Debug|x64.ActiveCfg = Debug|Any CPU
		{61F3167C-A656-481D-93D9-53C7A1A38FFF}.Debug|x64.Build.0 = Debug|Any CPU
		{61F3167C-A656-481D-93D9-53C7A1A38FFF}.Debug|x86.ActiveCfg = Debug|Any CPU
		{61F3167C-A656-481D-93D9-53C7A1A38FFF}.Debug|x86.Build.0 = Debug|Any CPU
		{61F3167C-A656-481D-93D9-53C7A1A38FFF}.Release|Any CPU.ActiveCfg = Release|Any CPU
		{61F3167C-A656-481D-93D9-53C7A1A38FFF}.Release|Any CPU.Build.0 = Release|Any CPU
		{61F3167C-A656-481D-93D9-53C7A1A38FFF}.Release|x64.ActiveCfg = Release|Any CPU
		{61F3167C-A656-481D-93D9-53C7A1A38FFF}.Release|x64.Build.0 = Release|Any CPU
		{61F3167C-A656-481D-93D9-53C7A1A38FFF}.Release|x86.ActiveCfg = Release|Any CPU
		{61F3167C-A656-481D-93D9-53C7A1A38FFF}.Release|x86.Build.0 = Release|Any CPU
		{AB29A3D7-D8B5-401E-98CE-05A7EE3474A9}.Debug|Any CPU.ActiveCfg = Debug|Any CPU
		{AB29A3D7-D8B5-401E-98CE-05A7EE3474A9}.Debug|Any CPU.Build.0 = Debug|Any CPU
		{AB29A3D7-D8B5-401E-98CE-05A7EE3474A9}.Debug|x64.ActiveCfg = Debug|Any CPU
		{AB29A3D7-D8B5-401E-98CE-05A7EE3474A9}.Debug|x64.Build.0 = Debug|Any CPU
		{AB29A3D7-D8B5-401E-98CE-05A7EE3474A9}.Debug|x86.ActiveCfg = Debug|Any CPU
		{AB29A3D7-D8B5-401E-98CE-05A7EE3474A9}.Debug|x86.Build.0 = Debug|Any CPU
		{AB29A3D7-D8B5-401E-98CE-05A7EE3474A9}.Release|Any CPU.ActiveCfg = Release|Any CPU
		{AB29A3D7-D8B5-401E-98CE-05A7EE3474A9}.Release|Any CPU.Build.0 = Release|Any CPU
		{AB29A3D7-D8B5-401E-98CE-05A7EE3474A9}.Release|x64.ActiveCfg = Release|Any CPU
		{AB29A3D7-D8B5-401E-98CE-05A7EE3474A9}.Release|x64.Build.0 = Release|Any CPU
		{AB29A3D7-D8B5-401E-98CE-05A7EE3474A9}.Release|x86.ActiveCfg = Release|Any CPU
		{AB29A3D7-D8B5-401E-98CE-05A7EE3474A9}.Release|x86.Build.0 = Release|Any CPU
		{6EC2944E-9B44-4CF1-8B79-D378CB98113E}.Debug|Any CPU.ActiveCfg = Debug|Any CPU
		{6EC2944E-9B44-4CF1-8B79-D378CB98113E}.Debug|Any CPU.Build.0 = Debug|Any CPU
		{6EC2944E-9B44-4CF1-8B79-D378CB98113E}.Debug|x64.ActiveCfg = Debug|Any CPU
		{6EC2944E-9B44-4CF1-8B79-D378CB98113E}.Debug|x64.Build.0 = Debug|Any CPU
		{6EC2944E-9B44-4CF1-8B79-D378CB98113E}.Debug|x86.ActiveCfg = Debug|Any CPU
		{6EC2944E-9B44-4CF1-8B79-D378CB98113E}.Debug|x86.Build.0 = Debug|Any CPU
		{6EC2944E-9B44-4CF1-8B79-D378CB98113E}.Release|Any CPU.ActiveCfg = Release|Any CPU
		{6EC2944E-9B44-4CF1-8B79-D378CB98113E}.Release|Any CPU.Build.0 = Release|Any CPU
		{6EC2944E-9B44-4CF1-8B79-D378CB98113E}.Release|x64.ActiveCfg = Release|Any CPU
		{6EC2944E-9B44-4CF1-8B79-D378CB98113E}.Release|x64.Build.0 = Release|Any CPU
		{6EC2944E-9B44-4CF1-8B79-D378CB98113E}.Release|x86.ActiveCfg = Release|Any CPU
		{6EC2944E-9B44-4CF1-8B79-D378CB98113E}.Release|x86.Build.0 = Release|Any CPU
		{DEB86260-AD49-4877-B6F5-179821CAD828}.Debug|Any CPU.ActiveCfg = Debug|Any CPU
		{DEB86260-AD49-4877-B6F5-179821CAD828}.Debug|Any CPU.Build.0 = Debug|Any CPU
		{DEB86260-AD49-4877-B6F5-179821CAD828}.Debug|x64.ActiveCfg = Debug|Any CPU
		{DEB86260-AD49-4877-B6F5-179821CAD828}.Debug|x64.Build.0 = Debug|Any CPU
		{DEB86260-AD49-4877-B6F5-179821CAD828}.Debug|x86.ActiveCfg = Debug|Any CPU
		{DEB86260-AD49-4877-B6F5-179821CAD828}.Debug|x86.Build.0 = Debug|Any CPU
		{DEB86260-AD49-4877-B6F5-179821CAD828}.Release|Any CPU.ActiveCfg = Release|Any CPU
		{DEB86260-AD49-4877-B6F5-179821CAD828}.Release|Any CPU.Build.0 = Release|Any CPU
		{DEB86260-AD49-4877-B6F5-179821CAD828}.Release|x64.ActiveCfg = Release|Any CPU
		{DEB86260-AD49-4877-B6F5-179821CAD828}.Release|x64.Build.0 = Release|Any CPU
		{DEB86260-AD49-4877-B6F5-179821CAD828}.Release|x86.ActiveCfg = Release|Any CPU
		{DEB86260-AD49-4877-B6F5-179821CAD828}.Release|x86.Build.0 = Release|Any CPU
		{45C3AF42-631C-4045-9260-652DA03FBFF9}.Debug|Any CPU.ActiveCfg = Debug|Any CPU
		{45C3AF42-631C-4045-9260-652DA03FBFF9}.Debug|Any CPU.Build.0 = Debug|Any CPU
		{45C3AF42-631C-4045-9260-652DA03FBFF9}.Debug|x64.ActiveCfg = Debug|Any CPU
		{45C3AF42-631C-4045-9260-652DA03FBFF9}.Debug|x64.Build.0 = Debug|Any CPU
		{45C3AF42-631C-4045-9260-652DA03FBFF9}.Debug|x86.ActiveCfg = Debug|Any CPU
		{45C3AF42-631C-4045-9260-652DA03FBFF9}.Debug|x86.Build.0 = Debug|Any CPU
		{45C3AF42-631C-4045-9260-652DA03FBFF9}.Release|Any CPU.ActiveCfg = Release|Any CPU
		{45C3AF42-631C-4045-9260-652DA03FBFF9}.Release|Any CPU.Build.0 = Release|Any CPU
		{45C3AF42-631C-4045-9260-652DA03FBFF9}.Release|x64.ActiveCfg = Release|Any CPU
		{45C3AF42-631C-4045-9260-652DA03FBFF9}.Release|x64.Build.0 = Release|Any CPU
		{45C3AF42-631C-4045-9260-652DA03FBFF9}.Release|x86.ActiveCfg = Release|Any CPU
		{45C3AF42-631C-4045-9260-652DA03FBFF9}.Release|x86.Build.0 = Release|Any CPU
		{18D90586-FE97-4F26-9E88-FCDE9D479D60}.Debug|Any CPU.ActiveCfg = Debug|Any CPU
		{18D90586-FE97-4F26-9E88-FCDE9D479D60}.Debug|Any CPU.Build.0 = Debug|Any CPU
		{18D90586-FE97-4F26-9E88-FCDE9D479D60}.Debug|x64.ActiveCfg = Debug|Any CPU
		{18D90586-FE97-4F26-9E88-FCDE9D479D60}.Debug|x64.Build.0 = Debug|Any CPU
		{18D90586-FE97-4F26-9E88-FCDE9D479D60}.Debug|x86.ActiveCfg = Debug|Any CPU
		{18D90586-FE97-4F26-9E88-FCDE9D479D60}.Debug|x86.Build.0 = Debug|Any CPU
		{18D90586-FE97-4F26-9E88-FCDE9D479D60}.Release|Any CPU.ActiveCfg = Release|Any CPU
		{18D90586-FE97-4F26-9E88-FCDE9D479D60}.Release|Any CPU.Build.0 = Release|Any CPU
		{18D90586-FE97-4F26-9E88-FCDE9D479D60}.Release|x64.ActiveCfg = Release|Any CPU
		{18D90586-FE97-4F26-9E88-FCDE9D479D60}.Release|x64.Build.0 = Release|Any CPU
		{18D90586-FE97-4F26-9E88-FCDE9D479D60}.Release|x86.ActiveCfg = Release|Any CPU
		{18D90586-FE97-4F26-9E88-FCDE9D479D60}.Release|x86.Build.0 = Release|Any CPU
		{5817C394-3D42-40B3-AE2B-2CB13FD164D0}.Debug|Any CPU.ActiveCfg = Debug|Any CPU
		{5817C394-3D42-40B3-AE2B-2CB13FD164D0}.Debug|Any CPU.Build.0 = Debug|Any CPU
		{5817C394-3D42-40B3-AE2B-2CB13FD164D0}.Debug|x64.ActiveCfg = Debug|Any CPU
		{5817C394-3D42-40B3-AE2B-2CB13FD164D0}.Debug|x64.Build.0 = Debug|Any CPU
		{5817C394-3D42-40B3-AE2B-2CB13FD164D0}.Debug|x86.ActiveCfg = Debug|Any CPU
		{5817C394-3D42-40B3-AE2B-2CB13FD164D0}.Debug|x86.Build.0 = Debug|Any CPU
		{5817C394-3D42-40B3-AE2B-2CB13FD164D0}.Release|Any CPU.ActiveCfg = Release|Any CPU
		{5817C394-3D42-40B3-AE2B-2CB13FD164D0}.Release|Any CPU.Build.0 = Release|Any CPU
		{5817C394-3D42-40B3-AE2B-2CB13FD164D0}.Release|x64.ActiveCfg = Release|Any CPU
		{5817C394-3D42-40B3-AE2B-2CB13FD164D0}.Release|x64.Build.0 = Release|Any CPU
		{5817C394-3D42-40B3-AE2B-2CB13FD164D0}.Release|x86.ActiveCfg = Release|Any CPU
		{5817C394-3D42-40B3-AE2B-2CB13FD164D0}.Release|x86.Build.0 = Release|Any CPU
		{E98D90C4-8D0F-4728-B06C-8A62965BD927}.Debug|Any CPU.ActiveCfg = Debug|Any CPU
		{E98D90C4-8D0F-4728-B06C-8A62965BD927}.Debug|Any CPU.Build.0 = Debug|Any CPU
		{E98D90C4-8D0F-4728-B06C-8A62965BD927}.Debug|x64.ActiveCfg = Debug|Any CPU
		{E98D90C4-8D0F-4728-B06C-8A62965BD927}.Debug|x64.Build.0 = Debug|Any CPU
		{E98D90C4-8D0F-4728-B06C-8A62965BD927}.Debug|x86.ActiveCfg = Debug|Any CPU
		{E98D90C4-8D0F-4728-B06C-8A62965BD927}.Debug|x86.Build.0 = Debug|Any CPU
		{E98D90C4-8D0F-4728-B06C-8A62965BD927}.Release|Any CPU.ActiveCfg = Release|Any CPU
		{E98D90C4-8D0F-4728-B06C-8A62965BD927}.Release|Any CPU.Build.0 = Release|Any CPU
		{E98D90C4-8D0F-4728-B06C-8A62965BD927}.Release|x64.ActiveCfg = Release|Any CPU
		{E98D90C4-8D0F-4728-B06C-8A62965BD927}.Release|x64.Build.0 = Release|Any CPU
		{E98D90C4-8D0F-4728-B06C-8A62965BD927}.Release|x86.ActiveCfg = Release|Any CPU
		{E98D90C4-8D0F-4728-B06C-8A62965BD927}.Release|x86.Build.0 = Release|Any CPU
		{ED87AF89-53B1-4CDB-A69F-EBC62AB7866F}.Debug|Any CPU.ActiveCfg = Debug|Any CPU
		{ED87AF89-53B1-4CDB-A69F-EBC62AB7866F}.Debug|Any CPU.Build.0 = Debug|Any CPU
		{ED87AF89-53B1-4CDB-A69F-EBC62AB7866F}.Debug|x64.ActiveCfg = Debug|Any CPU
		{ED87AF89-53B1-4CDB-A69F-EBC62AB7866F}.Debug|x64.Build.0 = Debug|Any CPU
		{ED87AF89-53B1-4CDB-A69F-EBC62AB7866F}.Debug|x86.ActiveCfg = Debug|Any CPU
		{ED87AF89-53B1-4CDB-A69F-EBC62AB7866F}.Debug|x86.Build.0 = Debug|Any CPU
		{ED87AF89-53B1-4CDB-A69F-EBC62AB7866F}.Release|Any CPU.ActiveCfg = Release|Any CPU
		{ED87AF89-53B1-4CDB-A69F-EBC62AB7866F}.Release|Any CPU.Build.0 = Release|Any CPU
		{ED87AF89-53B1-4CDB-A69F-EBC62AB7866F}.Release|x64.ActiveCfg = Release|Any CPU
		{ED87AF89-53B1-4CDB-A69F-EBC62AB7866F}.Release|x64.Build.0 = Release|Any CPU
		{ED87AF89-53B1-4CDB-A69F-EBC62AB7866F}.Release|x86.ActiveCfg = Release|Any CPU
		{ED87AF89-53B1-4CDB-A69F-EBC62AB7866F}.Release|x86.Build.0 = Release|Any CPU
		{F9D2B43C-8302-477A-8561-59BDB9E1F302}.Debug|Any CPU.ActiveCfg = Debug|Any CPU
		{F9D2B43C-8302-477A-8561-59BDB9E1F302}.Debug|Any CPU.Build.0 = Debug|Any CPU
		{F9D2B43C-8302-477A-8561-59BDB9E1F302}.Debug|x64.ActiveCfg = Debug|Any CPU
		{F9D2B43C-8302-477A-8561-59BDB9E1F302}.Debug|x64.Build.0 = Debug|Any CPU
		{F9D2B43C-8302-477A-8561-59BDB9E1F302}.Debug|x86.ActiveCfg = Debug|Any CPU
		{F9D2B43C-8302-477A-8561-59BDB9E1F302}.Debug|x86.Build.0 = Debug|Any CPU
		{F9D2B43C-8302-477A-8561-59BDB9E1F302}.Release|Any CPU.ActiveCfg = Release|Any CPU
		{F9D2B43C-8302-477A-8561-59BDB9E1F302}.Release|Any CPU.Build.0 = Release|Any CPU
		{F9D2B43C-8302-477A-8561-59BDB9E1F302}.Release|x64.ActiveCfg = Release|Any CPU
		{F9D2B43C-8302-477A-8561-59BDB9E1F302}.Release|x64.Build.0 = Release|Any CPU
		{F9D2B43C-8302-477A-8561-59BDB9E1F302}.Release|x86.ActiveCfg = Release|Any CPU
		{F9D2B43C-8302-477A-8561-59BDB9E1F302}.Release|x86.Build.0 = Release|Any CPU
		{E1F2F6A0-48AA-4F4C-A176-AC832E032EA4}.Debug|Any CPU.ActiveCfg = Debug|Any CPU
		{E1F2F6A0-48AA-4F4C-A176-AC832E032EA4}.Debug|Any CPU.Build.0 = Debug|Any CPU
		{E1F2F6A0-48AA-4F4C-A176-AC832E032EA4}.Debug|x64.ActiveCfg = Debug|Any CPU
		{E1F2F6A0-48AA-4F4C-A176-AC832E032EA4}.Debug|x64.Build.0 = Debug|Any CPU
		{E1F2F6A0-48AA-4F4C-A176-AC832E032EA4}.Debug|x86.ActiveCfg = Debug|Any CPU
		{E1F2F6A0-48AA-4F4C-A176-AC832E032EA4}.Debug|x86.Build.0 = Debug|Any CPU
		{E1F2F6A0-48AA-4F4C-A176-AC832E032EA4}.Release|Any CPU.ActiveCfg = Release|Any CPU
		{E1F2F6A0-48AA-4F4C-A176-AC832E032EA4}.Release|Any CPU.Build.0 = Release|Any CPU
		{E1F2F6A0-48AA-4F4C-A176-AC832E032EA4}.Release|x64.ActiveCfg = Release|Any CPU
		{E1F2F6A0-48AA-4F4C-A176-AC832E032EA4}.Release|x64.Build.0 = Release|Any CPU
		{E1F2F6A0-48AA-4F4C-A176-AC832E032EA4}.Release|x86.ActiveCfg = Release|Any CPU
		{E1F2F6A0-48AA-4F4C-A176-AC832E032EA4}.Release|x86.Build.0 = Release|Any CPU
		{8D3F6573-73DE-4BDD-A682-5F362F50B498}.Debug|Any CPU.ActiveCfg = Debug|Any CPU
		{8D3F6573-73DE-4BDD-A682-5F362F50B498}.Debug|Any CPU.Build.0 = Debug|Any CPU
		{8D3F6573-73DE-4BDD-A682-5F362F50B498}.Debug|x64.ActiveCfg = Debug|Any CPU
		{8D3F6573-73DE-4BDD-A682-5F362F50B498}.Debug|x64.Build.0 = Debug|Any CPU
		{8D3F6573-73DE-4BDD-A682-5F362F50B498}.Debug|x86.ActiveCfg = Debug|Any CPU
		{8D3F6573-73DE-4BDD-A682-5F362F50B498}.Debug|x86.Build.0 = Debug|Any CPU
		{8D3F6573-73DE-4BDD-A682-5F362F50B498}.Release|Any CPU.ActiveCfg = Release|Any CPU
		{8D3F6573-73DE-4BDD-A682-5F362F50B498}.Release|Any CPU.Build.0 = Release|Any CPU
		{8D3F6573-73DE-4BDD-A682-5F362F50B498}.Release|x64.ActiveCfg = Release|Any CPU
		{8D3F6573-73DE-4BDD-A682-5F362F50B498}.Release|x64.Build.0 = Release|Any CPU
		{8D3F6573-73DE-4BDD-A682-5F362F50B498}.Release|x86.ActiveCfg = Release|Any CPU
		{8D3F6573-73DE-4BDD-A682-5F362F50B498}.Release|x86.Build.0 = Release|Any CPU
	EndGlobalSection
	GlobalSection(SolutionProperties) = preSolution
		HideSolutionNode = FALSE
	EndGlobalSection
	GlobalSection(NestedProjects) = preSolution
		{65ABFB5D-2B10-DF64-BF12-C17976F8E5D9} = {827E0CD3-B72D-47B6-A68D-7590B98EB39B}
		{6929DDC8-622A-4A09-8940-9F3ADFA7FC10} = {65ABFB5D-2B10-DF64-BF12-C17976F8E5D9}
		{1ACB7FF6-2B18-44D9-A2CA-7B07967D98DB} = {65ABFB5D-2B10-DF64-BF12-C17976F8E5D9}
		{AE245E4E-9B3F-471F-8B9B-EFEE8E0AC929} = {65ABFB5D-2B10-DF64-BF12-C17976F8E5D9}
		{3AA55640-4DAE-4840-A3FE-FFEE07B35BF3} = {65ABFB5D-2B10-DF64-BF12-C17976F8E5D9}
		{391CE2F5-AE47-7A9A-F474-4847BE99435E} = {0AB3BF05-4346-4AA6-1389-037BE0695223}
		{61F3167C-A656-481D-93D9-53C7A1A38FFF} = {391CE2F5-AE47-7A9A-F474-4847BE99435E}
		{01220A4E-AE4F-4DB7-A639-03ED2F98A964} = {827E0CD3-B72D-47B6-A68D-7590B98EB39B}
		{AB29A3D7-D8B5-401E-98CE-05A7EE3474A9} = {01220A4E-AE4F-4DB7-A639-03ED2F98A964}
		{6EC2944E-9B44-4CF1-8B79-D378CB98113E} = {01220A4E-AE4F-4DB7-A639-03ED2F98A964}
		{DEB86260-AD49-4877-B6F5-179821CAD828} = {01220A4E-AE4F-4DB7-A639-03ED2F98A964}
		{45C3AF42-631C-4045-9260-652DA03FBFF9} = {01220A4E-AE4F-4DB7-A639-03ED2F98A964}
		{CE9AD056-94FA-6358-792C-6118A6337C06} = {0AB3BF05-4346-4AA6-1389-037BE0695223}
		{18D90586-FE97-4F26-9E88-FCDE9D479D60} = {CE9AD056-94FA-6358-792C-6118A6337C06}
		{226520DA-CD7B-0FA7-F7D1-C1DAC515A1D8} = {827E0CD3-B72D-47B6-A68D-7590B98EB39B}
		{5817C394-3D42-40B3-AE2B-2CB13FD164D0} = {226520DA-CD7B-0FA7-F7D1-C1DAC515A1D8}
		{E98D90C4-8D0F-4728-B06C-8A62965BD927} = {226520DA-CD7B-0FA7-F7D1-C1DAC515A1D8}
		{ED87AF89-53B1-4CDB-A69F-EBC62AB7866F} = {226520DA-CD7B-0FA7-F7D1-C1DAC515A1D8}
		{F9D2B43C-8302-477A-8561-59BDB9E1F302} = {226520DA-CD7B-0FA7-F7D1-C1DAC515A1D8}
		{DB24036D-4551-3CFA-E976-459F32AAB292} = {0AB3BF05-4346-4AA6-1389-037BE0695223}
		{E1F2F6A0-48AA-4F4C-A176-AC832E032EA4} = {DB24036D-4551-3CFA-E976-459F32AAB292}
		{8D3F6573-73DE-4BDD-A682-5F362F50B498} = {DB24036D-4551-3CFA-E976-459F32AAB292}
	EndGlobalSection
EndGlobal
